schema: '2.0'
stages:
  process_data:
    cmd: python training/src/process.py
    deps:
    - path: config/main.yaml
      hash: md5
      md5: 714107f2c9fab7e3a2f18767cc371e84
      size: 924
    - path: data/raw
      hash: md5
      md5: 10608d6d323a6e3b22c853fb9aead6ec.dir
      size: 4036822758
      nfiles: 1488
    - path: training/src/process.py
      hash: md5
      md5: 969c2d04a87743b798a10df72ecfabd5
      size: 2447
    outs:
    - path: data/processed
      hash: md5
      md5: ec5ca028ba5dd21005906c32babf3cad.dir
      size: 1228804512
      nfiles: 4
  train_model:
    cmd: python training/src/train_model.py
    deps:
    - path: config/main.yaml
      hash: md5
      md5: 714107f2c9fab7e3a2f18767cc371e84
      size: 924
    - path: data/processed
      hash: md5
      md5: ec5ca028ba5dd21005906c32babf3cad.dir
      size: 1228804512
      nfiles: 4
    - path: training/src/train_model.py
      hash: md5
      md5: 5938f880368b1ef6ec9bfe630751a6df
      size: 1229
    outs:
    - path: models/regression
      hash: md5
      md5: 2f9d7cf125f85893d19fab8eb97918b3.dir
      size: 9831231
      nfiles: 1
  evaluate_model:
    cmd: python training/src/evaluate_model.py
    deps:
    - path: config/main.yaml
      hash: md5
      md5: 714107f2c9fab7e3a2f18767cc371e84
      size: 924
    - path: data/processed
      hash: md5
      md5: ec5ca028ba5dd21005906c32babf3cad.dir
      size: 1228804512
      nfiles: 4
    - path: models/regression
      hash: md5
      md5: 2f9d7cf125f85893d19fab8eb97918b3.dir
      size: 9831231
      nfiles: 1
    - path: training/src/evaluate_model.py
      hash: md5
      md5: b00a19306c70ebfda07807beaf582388
      size: 2652
