schema: '2.0'
stages:
  process_data:
    cmd: python training/src/process.py
    deps:
    - path: config/main.yaml
      hash: md5
      md5: 7f4c00ad760123fa1ed5996b80f7381f
      size: 902
    - path: data/raw
      hash: md5
      md5: 46bd1b295f398154f38c64ead80c96fd.dir
      size: 98357517
      nfiles: 40
    - path: training/src/process.py
      hash: md5
      md5: dadf4d7cd508748008746ddc5838425a
      size: 2465
    outs:
    - path: data/processed
      hash: md5
      md5: ed8d2766ef61788addffb67dc0ce482f.dir
      size: 124225139
      nfiles: 24
  train_model:
    cmd: python training/src/train_model.py
    deps:
    - path: config/main.yaml
      hash: md5
      md5: 7f4c00ad760123fa1ed5996b80f7381f
      size: 902
    - path: data/processed
      hash: md5
      md5: ed8d2766ef61788addffb67dc0ce482f.dir
      size: 124225139
      nfiles: 24
    - path: training/src/train_model.py
      hash: md5
      md5: 5938f880368b1ef6ec9bfe630751a6df
      size: 1229
    outs:
    - path: models/regression
      hash: md5
      md5: 4cc6a7a462ba37c4d4d44c24719ec06a.dir
      size: 9831231
      nfiles: 1
