schema: '2.0'
stages:
  process_data:
    cmd: python training/src/process.py
    deps:
    - path: config/main.yaml
      hash: md5
      md5: 714107f2c9fab7e3a2f18767cc371e84
      size: 924
    - path: data/raw
      hash: md5
      md5: 46bd1b295f398154f38c64ead80c96fd.dir
      size: 98357517
      nfiles: 40
    - path: training/src/process.py
      hash: md5
      md5: d464c1450aa161c0d821421241aa1706
      size: 2454
    outs:
    - path: data/processed
      hash: md5
      md5: 8278c7f7e54fc4e7eb331e75fd673cb5.dir
      size: 61440712
      nfiles: 4
  train_model:
    cmd: python training/src/train_model.py
    deps:
    - path: config/main.yaml
      hash: md5
      md5: 714107f2c9fab7e3a2f18767cc371e84
      size: 924
    - path: data/processed
      hash: md5
      md5: 8278c7f7e54fc4e7eb331e75fd673cb5.dir
      size: 61440712
      nfiles: 4
    - path: training/src/train_model.py
      hash: md5
      md5: 5938f880368b1ef6ec9bfe630751a6df
      size: 1229
    outs:
    - path: models/regression
      hash: md5
      md5: ab115c391a028d7e62123cd751ea812f.dir
      size: 9831231
      nfiles: 1
